// !$*UTF8*$!
{
	archiveVersion = 1;
	classes = {
	};
	objectVersion = 46;
	objects = {

/* Begin PBXBuildFile section */
		84B7323F1DB31839007D3D88 /* AppDelegate.swift in Sources */ = {isa = PBXBuildFile; fileRef = 84B7323E1DB31839007D3D88 /* AppDelegate.swift */; };
		84B732411DB31839007D3D88 /* ViewController.swift in Sources */ = {isa = PBXBuildFile; fileRef = 84B732401DB31839007D3D88 /* ViewController.swift */; };
		84B732441DB31839007D3D88 /* Main.storyboard in Resources */ = {isa = PBXBuildFile; fileRef = 84B732421DB31839007D3D88 /* Main.storyboard */; };
		84B732461DB31839007D3D88 /* Assets.xcassets in Resources */ = {isa = PBXBuildFile; fileRef = 84B732451DB31839007D3D88 /* Assets.xcassets */; };
		84B732491DB31839007D3D88 /* LaunchScreen.storyboard in Resources */ = {isa = PBXBuildFile; fileRef = 84B732471DB31839007D3D88 /* LaunchScreen.storyboard */; };
		84B732541DB31839007D3D88 /* Running__Brah__2Tests.swift in Sources */ = {isa = PBXBuildFile; fileRef = 84B732531DB31839007D3D88 /* Running__Brah__2Tests.swift */; };
		84B7325F1DB31839007D3D88 /* Running__Brah__2UITests.swift in Sources */ = {isa = PBXBuildFile; fileRef = 84B7325E1DB31839007D3D88 /* Running__Brah__2UITests.swift */; };
/* End PBXBuildFile section */

/* Begin PBXContainerItemProxy section */
		84B732501DB31839007D3D88 /* PBXContainerItemProxy */ = {
			isa = PBXContainerItemProxy;
			containerPortal = 84B732331DB31839007D3D88 /* Project object */;
			proxyType = 1;
			remoteGlobalIDString = 84B7323A1DB31839007D3D88;
			remoteInfo = "Running, Brah?_2";
		};
		84B7325B1DB31839007D3D88 /* PBXContainerItemProxy */ = {
			isa = PBXContainerItemProxy;
			containerPortal = 84B732331DB31839007D3D88 /* Project object */;
			proxyType = 1;
			remoteGlobalIDString = 84B7323A1DB31839007D3D88;
			remoteInfo = "Running, Brah?_2";
		};
/* End PBXContainerItemProxy section */

/* Begin PBXFileReference section */
		84B7323B1DB31839007D3D88 /* Running, Brah?_2.app */ = {isa = PBXFileReference; explicitFileType = wrapper.application; includeInIndex = 0; path = "Running, Brah?_2.app"; sourceTree = BUILT_PRODUCTS_DIR; };
		84B7323E1DB31839007D3D88 /* AppDelegate.swift */ = {isa = PBXFileReference; lastKnownFileType = sourcecode.swift; path = AppDelegate.swift; sourceTree = "<group>"; };
		84B732401DB31839007D3D88 /* ViewController.swift */ = {isa = PBXFileReference; lastKnownFileType = sourcecode.swift; path = ViewController.swift; sourceTree = "<group>"; };
		84B732431DB31839007D3D88 /* Base */ = {isa = PBXFileReference; lastKnownFileType = file.storyboard; name = Base; path = Base.lproj/Main.storyboard; sourceTree = "<group>"; };
		84B732451DB31839007D3D88 /* Assets.xcassets */ = {isa = PBXFileReference; lastKnownFileType = folder.assetcatalog; path = Assets.xcassets; sourceTree = "<group>"; };
		84B732481DB31839007D3D88 /* Base */ = {isa = PBXFileReference; lastKnownFileType = file.storyboard; name = Base; path = Base.lproj/LaunchScreen.storyboard; sourceTree = "<group>"; };
		84B7324A1DB31839007D3D88 /* Info.plist */ = {isa = PBXFileReference; lastKnownFileType = text.plist.xml; path = Info.plist; sourceTree = "<group>"; };
		84B7324F1DB31839007D3D88 /* Running, Brah?_2Tests.xctest */ = {isa = PBXFileReference; explicitFileType = wrapper.cfbundle; includeInIndex = 0; path = "Running, Brah?_2Tests.xctest"; sourceTree = BUILT_PRODUCTS_DIR; };
		84B732531DB31839007D3D88 /* Running__Brah__2Tests.swift */ = {isa = PBXFileReference; lastKnownFileType = sourcecode.swift; path = Running__Brah__2Tests.swift; sourceTree = "<group>"; };
		84B732551DB31839007D3D88 /* Info.plist */ = {isa = PBXFileReference; lastKnownFileType = text.plist.xml; path = Info.plist; sourceTree = "<group>"; };
		84B7325A1DB31839007D3D88 /* Running, Brah?_2UITests.xctest */ = {isa = PBXFileReference; explicitFileType = wrapper.cfbundle; includeInIndex = 0; path = "Running, Brah?_2UITests.xctest"; sourceTree = BUILT_PRODUCTS_DIR; };
		84B7325E1DB31839007D3D88 /* Running__Brah__2UITests.swift */ = {isa = PBXFileReference; lastKnownFileType = sourcecode.swift; path = Running__Brah__2UITests.swift; sourceTree = "<group>"; };
		84B732601DB31839007D3D88 /* Info.plist */ = {isa = PBXFileReference; lastKnownFileType = text.plist.xml; path = Info.plist; sourceTree = "<group>"; };
/* End PBXFileReference section */

/* Begin PBXFrameworksBuildPhase section */
		84B732381DB31839007D3D88 /* Frameworks */ = {
			isa = PBXFrameworksBuildPhase;
			buildActionMask = 2147483647;
			files = (
			);
			runOnlyForDeploymentPostprocessing = 0;
		};
		84B7324C1DB31839007D3D88 /* Frameworks */ = {
			isa = PBXFrameworksBuildPhase;
			buildActionMask = 2147483647;
			files = (
			);
			runOnlyForDeploymentPostprocessing = 0;
		};
		84B732571DB31839007D3D88 /* Frameworks */ = {
			isa = PBXFrameworksBuildPhase;
			buildActionMask = 2147483647;
			files = (
			);
			runOnlyForDeploymentPostprocessing = 0;
		};
/* End PBXFrameworksBuildPhase section */

/* Begin PBXGroup section */
		84B732321DB31839007D3D88 = {
			isa = PBXGroup;
			children = (
				84B7323D1DB31839007D3D88 /* Running, Brah?_2 */,
				84B732521DB31839007D3D88 /* Running, Brah?_2Tests */,
				84B7325D1DB31839007D3D88 /* Running, Brah?_2UITests */,
				84B7323C1DB31839007D3D88 /* Products */,
			);
			sourceTree = "<group>";
		};
		84B7323C1DB31839007D3D88 /* Products */ = {
			isa = PBXGroup;
			children = (
				84B7323B1DB31839007D3D88 /* Running, Brah?_2.app */,
				84B7324F1DB31839007D3D88 /* Running, Brah?_2Tests.xctest */,
				84B7325A1DB31839007D3D88 /* Running, Brah?_2UITests.xctest */,
			);
			name = Products;
			sourceTree = "<group>";
		};
		84B7323D1DB31839007D3D88 /* Running, Brah?_2 */ = {
			isa = PBXGroup;
			children = (
				84B7323E1DB31839007D3D88 /* AppDelegate.swift */,
				84B732401DB31839007D3D88 /* ViewController.swift */,
				84B732421DB31839007D3D88 /* Main.storyboard */,
				84B732451DB31839007D3D88 /* Assets.xcassets */,
				84B732471DB31839007D3D88 /* LaunchScreen.storyboard */,
				84B7324A1DB31839007D3D88 /* Info.plist */,
			);
			path = "Running, Brah?_2";
			sourceTree = "<group>";
		};
		84B732521DB31839007D3D88 /* Running, Brah?_2Tests */ = {
			isa = PBXGroup;
			children = (
				84B732531DB31839007D3D88 /* Running__Brah__2Tests.swift */,
				84B732551DB31839007D3D88 /* Info.plist */,
			);
			path = "Running, Brah?_2Tests";
			sourceTree = "<group>";
		};
		84B7325D1DB31839007D3D88 /* Running, Brah?_2UITests */ = {
			isa = PBXGroup;
			children = (
				84B7325E1DB31839007D3D88 /* Running__Brah__2UITests.swift */,
				84B732601DB31839007D3D88 /* Info.plist */,
			);
			path = "Running, Brah?_2UITests";
			sourceTree = "<group>";
		};
/* End PBXGroup section */

/* Begin PBXNativeTarget section */
		84B7323A1DB31839007D3D88 /* Running, Brah?_2 */ = {
			isa = PBXNativeTarget;
			buildConfigurationList = 84B732631DB31839007D3D88 /* Build configuration list for PBXNativeTarget "Running, Brah?_2" */;
			buildPhases = (
				84B732371DB31839007D3D88 /* Sources */,
				84B732381DB31839007D3D88 /* Frameworks */,
				84B732391DB31839007D3D88 /* Resources */,
			);
			buildRules = (
			);
			dependencies = (
			);
			name = "Running, Brah?_2";
			productName = "Running, Brah?_2";
			productReference = 84B7323B1DB31839007D3D88 /* Running, Brah?_2.app */;
			productType = "com.apple.product-type.application";
		};
		84B7324E1DB31839007D3D88 /* Running, Brah?_2Tests */ = {
			isa = PBXNativeTarget;
			buildConfigurationList = 84B732661DB31839007D3D88 /* Build configuration list for PBXNativeTarget "Running, Brah?_2Tests" */;
			buildPhases = (
				84B7324B1DB31839007D3D88 /* Sources */,
				84B7324C1DB31839007D3D88 /* Frameworks */,
				84B7324D1DB31839007D3D88 /* Resources */,
			);
			buildRules = (
			);
			dependencies = (
				84B732511DB31839007D3D88 /* PBXTargetDependency */,
			);
			name = "Running, Brah?_2Tests";
			productName = "Running, Brah?_2Tests";
			productReference = 84B7324F1DB31839007D3D88 /* Running, Brah?_2Tests.xctest */;
			productType = "com.apple.product-type.bundle.unit-test";
		};
		84B732591DB31839007D3D88 /* Running, Brah?_2UITests */ = {
			isa = PBXNativeTarget;
			buildConfigurationList = 84B732691DB31839007D3D88 /* Build configuration list for PBXNativeTarget "Running, Brah?_2UITests" */;
			buildPhases = (
				84B732561DB31839007D3D88 /* Sources */,
				84B732571DB31839007D3D88 /* Frameworks */,
				84B732581DB31839007D3D88 /* Resources */,
			);
			buildRules = (
			);
			dependencies = (
				84B7325C1DB31839007D3D88 /* PBXTargetDependency */,
			);
			name = "Running, Brah?_2UITests";
			productName = "Running, Brah?_2UITests";
			productReference = 84B7325A1DB31839007D3D88 /* Running, Brah?_2UITests.xctest */;
			productType = "com.apple.product-type.bundle.ui-testing";
		};
/* End PBXNativeTarget section */

/* Begin PBXProject section */
		84B732331DB31839007D3D88 /* Project object */ = {
			isa = PBXProject;
			attributes = {
				LastSwiftUpdateCheck = 0800;
				LastUpgradeCheck = 0800;
				ORGANIZATIONNAME = "Stacy Kam";
				TargetAttributes = {
					84B7323A1DB31839007D3D88 = {
						CreatedOnToolsVersion = 8.0;
						DevelopmentTeam = H665A59HC5;
						ProvisioningStyle = Automatic;
					};
					84B7324E1DB31839007D3D88 = {
						CreatedOnToolsVersion = 8.0;
						DevelopmentTeam = H665A59HC5;
						ProvisioningStyle = Automatic;
						TestTargetID = 84B7323A1DB31839007D3D88;
					};
					84B732591DB31839007D3D88 = {
						CreatedOnToolsVersion = 8.0;
						DevelopmentTeam = H665A59HC5;
						ProvisioningStyle = Automatic;
						TestTargetID = 84B7323A1DB31839007D3D88;
					};
				};
			};
			buildConfigurationList = 84B732361DB31839007D3D88 /* Build configuration list for PBXProject "Running, Brah?_2" */;
			compatibilityVersion = "Xcode 3.2";
			developmentRegion = English;
			hasScannedForEncodings = 0;
			knownRegions = (
				en,
				Base,
			);
			mainGroup = 84B732321DB31839007D3D88;
			productRefGroup = 84B7323C1DB31839007D3D88 /* Products */;
			projectDirPath = "";
			projectRoot = "";
			targets = (
				84B7323A1DB31839007D3D88 /* Running, Brah?_2 */,
				84B7324E1DB31839007D3D88 /* Running, Brah?_2Tests */,
				84B732591DB31839007D3D88 /* Running, Brah?_2UITests */,
			);
		};
/* End PBXProject section */

/* Begin PBXResourcesBuildPhase section */
		84B732391DB31839007D3D88 /* Resources */ = {
			isa = PBXResourcesBuildPhase;
			buildActionMask = 2147483647;
			files = (
				84B732491DB31839007D3D88 /* LaunchScreen.storyboard in Resources */,
				84B732461DB31839007D3D88 /* Assets.xcassets in Resources */,
				84B732441DB31839007D3D88 /* Main.storyboard in Resources */,
			);
			runOnlyForDeploymentPostprocessing = 0;
		};
		84B7324D1DB31839007D3D88 /* Resources */ = {
			isa = PBXResourcesBuildPhase;
			buildActionMask = 2147483647;
			files = (
			);
			runOnlyForDeploymentPostprocessing = 0;
		};
		84B732581DB31839007D3D88 /* Resources */ = {
			isa = PBXResourcesBuildPhase;
			buildActionMask = 2147483647;
			files = (
			);
			runOnlyForDeploymentPostprocessing = 0;
		};
/* End PBXResourcesBuildPhase section */

/* Begin PBXSourcesBuildPhase section */
		84B732371DB31839007D3D88 /* Sources */ = {
			isa = PBXSourcesBuildPhase;
			buildActionMask = 2147483647;
			files = (
				84B732411DB31839007D3D88 /* ViewController.swift in Sources */,
				84B7323F1DB31839007D3D88 /* AppDelegate.swift in Sources */,
			);
			runOnlyForDeploymentPostprocessing = 0;
		};
		84B7324B1DB31839007D3D88 /* Sources */ = {
			isa = PBXSourcesBuildPhase;
			buildActionMask = 2147483647;
			files = (
				84B732541DB31839007D3D88 /* Running__Brah__2Tests.swift in Sources */,
			);
			runOnlyForDeploymentPostprocessing = 0;
		};
		84B732561DB31839007D3D88 /* Sources */ = {
			isa = PBXSourcesBuildPhase;
			buildActionMask = 2147483647;
			files = (
				84B7325F1DB31839007D3D88 /* Running__Brah__2UITests.swift in Sources */,
			);
			runOnlyForDeploymentPostprocessing = 0;
		};
/* End PBXSourcesBuildPhase section */

/* Begin PBXTargetDependency section */
		84B732511DB31839007D3D88 /* PBXTargetDependency */ = {
			isa = PBXTargetDependency;
			target = 84B7323A1DB31839007D3D88 /* Running, Brah?_2 */;
			targetProxy = 84B732501DB31839007D3D88 /* PBXContainerItemProxy */;
		};
		84B7325C1DB31839007D3D88 /* PBXTargetDependency */ = {
			isa = PBXTargetDependency;
			target = 84B7323A1DB31839007D3D88 /* Running, Brah?_2 */;
			targetProxy = 84B7325B1DB31839007D3D88 /* PBXContainerItemProxy */;
		};
/* End PBXTargetDependency section */

/* Begin PBXVariantGroup section */
		84B732421DB31839007D3D88 /* Main.storyboard */ = {
			isa = PBXVariantGroup;
			children = (
				84B732431DB31839007D3D88 /* Base */,
			);
			name = Main.storyboard;
			sourceTree = "<group>";
		};
		84B732471DB31839007D3D88 /* LaunchScreen.storyboard */ = {
			isa = PBXVariantGroup;
			children = (
				84B732481DB31839007D3D88 /* Base */,
			);
			name = LaunchScreen.storyboard;
			sourceTree = "<group>";
		};
/* End PBXVariantGroup section */

/* Begin XCBuildConfiguration section */
		84B732611DB31839007D3D88 /* Debug */ = {
			isa = XCBuildConfiguration;
			buildSettings = {
				ALWAYS_SEARCH_USER_PATHS = NO;
				CLANG_ANALYZER_NONNULL = YES;
				CLANG_CXX_LANGUAGE_STANDARD = "gnu++0x";
				CLANG_CXX_LIBRARY = "libc++";
				CLANG_ENABLE_MODULES = YES;
				CLANG_ENABLE_OBJC_ARC = YES;
				CLANG_WARN_BOOL_CONVERSION = YES;
				CLANG_WARN_CONSTANT_CONVERSION = YES;
				CLANG_WARN_DIRECT_OBJC_ISA_USAGE = YES_ERROR;
				CLANG_WARN_DOCUMENTATION_COMMENTS = YES;
				CLANG_WARN_EMPTY_BODY = YES;
				CLANG_WARN_ENUM_CONVERSION = YES;
				CLANG_WARN_INFINITE_RECURSION = YES;
				CLANG_WARN_INT_CONVERSION = YES;
				CLANG_WARN_OBJC_ROOT_CLASS = YES_ERROR;
				CLANG_WARN_SUSPICIOUS_MOVES = YES;
				CLANG_WARN_UNREACHABLE_CODE = YES;
				CLANG_WARN__DUPLICATE_METHOD_MATCH = YES;
				"CODE_SIGN_IDENTITY[sdk=iphoneos*]" = "iPhone Developer";
				COPY_PHASE_STRIP = NO;
				DEBUG_INFORMATION_FORMAT = dwarf;
				ENABLE_STRICT_OBJC_MSGSEND = YES;
				ENABLE_TESTABILITY = YES;
				GCC_C_LANGUAGE_STANDARD = gnu99;
				GCC_DYNAMIC_NO_PIC = NO;
				GCC_NO_COMMON_BLOCKS = YES;
				GCC_OPTIMIZATION_LEVEL = 0;
				GCC_PREPROCESSOR_DEFINITIONS = (
					"DEBUG=1",
					"$(inherited)",
				);
				GCC_WARN_64_TO_32_BIT_CONVERSION = YES;
				GCC_WARN_ABOUT_RETURN_TYPE = YES_ERROR;
				GCC_WARN_UNDECLARED_SELECTOR = YES;
				GCC_WARN_UNINITIALIZED_AUTOS = YES_AGGRESSIVE;
				GCC_WARN_UNUSED_FUNCTION = YES;
				GCC_WARN_UNUSED_VARIABLE = YES;
				IPHONEOS_DEPLOYMENT_TARGET = 10.0;
				MTL_ENABLE_DEBUG_INFO = YES;
				ONLY_ACTIVE_ARCH = YES;
				SDKROOT = iphoneos;
				SWIFT_ACTIVE_COMPILATION_CONDITIONS = DEBUG;
				SWIFT_OPTIMIZATION_LEVEL = "-Onone";
				TARGETED_DEVICE_FAMILY = "1,2";
			};
			name = Debug;
		};
		84B732621DB31839007D3D88 /* Release */ = {
			isa = XCBuildConfiguration;
			buildSettings = {
				ALWAYS_SEARCH_USER_PATHS = NO;
				CLANG_ANALYZER_NONNULL = YES;
				CLANG_CXX_LANGUAGE_STANDARD = "gnu++0x";
				CLANG_CXX_LIBRARY = "libc++";
				CLANG_ENABLE_MODULES = YES;
				CLANG_ENABLE_OBJC_ARC = YES;
				CLANG_WARN_BOOL_CONVERSION = YES;
				CLANG_WARN_CONSTANT_CONVERSION = YES;
				CLANG_WARN_DIRECT_OBJC_ISA_USAGE = YES_ERROR;
				CLANG_WARN_DOCUMENTATION_COMMENTS = YES;
				CLANG_WARN_EMPTY_BODY = YES;
				CLANG_WARN_ENUM_CONVERSION = YES;
				CLANG_WARN_INFINITE_RECURSION = YES;
				CLANG_WARN_INT_CONVERSION = YES;
				CLANG_WARN_OBJC_ROOT_CLASS = YES_ERROR;
				CLANG_WARN_SUSPICIOUS_MOVES = YES;
				CLANG_WARN_UNREACHABLE_CODE = YES;
				CLANG_WARN__DUPLICATE_METHOD_MATCH = YES;
				"CODE_SIGN_IDENTITY[sdk=iphoneos*]" = "iPhone Developer";
				COPY_PHASE_STRIP = NO;
				DEBUG_INFORMATION_FORMAT = "dwarf-with-dsym";
				ENABLE_NS_ASSERTIONS = NO;
				ENABLE_STRICT_OBJC_MSGSEND = YES;
				GCC_C_LANGUAGE_STANDARD = gnu99;
				GCC_NO_COMMON_BLOCKS = YES;
				GCC_WARN_64_TO_32_BIT_CONVERSION = YES;
				GCC_WARN_ABOUT_RETURN_TYPE = YES_ERROR;
				GCC_WARN_UNDECLARED_SELECTOR = YES;
				GCC_WARN_UNINITIALIZED_AUTOS = YES_AGGRESSIVE;
				GCC_WARN_UNUSED_FUNCTION = YES;
				GCC_WARN_UNUSED_VARIABLE = YES;
				IPHONEOS_DEPLOYMENT_TARGET = 10.0;
				MTL_ENABLE_DEBUG_INFO = NO;
				SDKROOT = iphoneos;
				SWIFT_OPTIMIZATION_LEVEL = "-Owholemodule";
				TARGETED_DEVICE_FAMILY = "1,2";
				VALIDATE_PRODUCT = YES;
			};
			name = Release;
		};
		84B732641DB31839007D3D88 /* Debug */ = {
			isa = XCBuildConfiguration;
			buildSettings = {
				ASSETCATALOG_COMPILER_APPICON_NAME = AppIcon;
				DEVELOPMENT_TEAM = H665A59HC5;
				INFOPLIST_FILE = "Running, Brah?_2/Info.plist";
				LD_RUNPATH_SEARCH_PATHS = "$(inherited) @executable_path/Frameworks";
				PRODUCT_BUNDLE_IDENTIFIER = "GreyT.Running--Brah--2";
				PRODUCT_NAME = "$(TARGET_NAME)";
				SWIFT_VERSION = 3.0;
			};
			name = Debug;
		};
		84B732651DB31839007D3D88 /* Release */ = {
			isa = XCBuildConfiguration;
			buildSettings = {
				ASSETCATALOG_COMPILER_APPICON_NAME = AppIcon;
				DEVELOPMENT_TEAM = H665A59HC5;
				INFOPLIST_FILE = "Running, Brah?_2/Info.plist";
				LD_RUNPATH_SEARCH_PATHS = "$(inherited) @executable_path/Frameworks";
				PRODUCT_BUNDLE_IDENTIFIER = "GreyT.Running--Brah--2";
				PRODUCT_NAME = "$(TARGET_NAME)";
				SWIFT_VERSION = 3.0;
			};
			name = Release;
		};
		84B732671DB31839007D3D88 /* Debug */ = {
			isa = XCBuildConfiguration;
			buildSettings = {
				ALWAYS_EMBED_SWIFT_STANDARD_LIBRARIES = YES;
				BUNDLE_LOADER = "$(TEST_HOST)";
				DEVELOPMENT_TEAM = H665A59HC5;
				INFOPLIST_FILE = "Running, Brah?_2Tests/Info.plist";
				LD_RUNPATH_SEARCH_PATHS = "$(inherited) @executable_path/Frameworks @loader_path/Frameworks";
				PRODUCT_BUNDLE_IDENTIFIER = "GreyT.Running--Brah--2Tests";
				PRODUCT_NAME = "$(TARGET_NAME)";
				SWIFT_VERSION = 3.0;
				TEST_HOST = "$(BUILT_PRODUCTS_DIR)/Running, Brah?_2.app/Running, Brah?_2";
			};
			name = Debug;
		};
		84B732681DB31839007D3D88 /* Release */ = {
			isa = XCBuildConfiguration;
			buildSettings = {
				ALWAYS_EMBED_SWIFT_STANDARD_LIBRARIES = YES;
				BUNDLE_LOADER = "$(TEST_HOST)";
				DEVELOPMENT_TEAM = H665A59HC5;
				INFOPLIST_FILE = "Running, Brah?_2Tests/Info.plist";
				LD_RUNPATH_SEARCH_PATHS = "$(inherited) @executable_path/Frameworks @loader_path/Frameworks";
				PRODUCT_BUNDLE_IDENTIFIER = "GreyT.Running--Brah--2Tests";
				PRODUCT_NAME = "$(TARGET_NAME)";
				SWIFT_VERSION = 3.0;
				TEST_HOST = "$(BUILT_PRODUCTS_DIR)/Running, Brah?_2.app/Running, Brah?_2";
			};
			name = Release;
		};
		84B7326A1DB31839007D3D88 /* Debug */ = {
			isa = XCBuildConfiguration;
			buildSettings = {
				ALWAYS_EMBED_SWIFT_STANDARD_LIBRARIES = YES;
				DEVELOPMENT_TEAM = H665A59HC5;
				INFOPLIST_FILE = "Running, Brah?_2UITests/Info.plist";
				LD_RUNPATH_SEARCH_PATHS = "$(inherited) @executable_path/Frameworks @loader_path/Frameworks";
				PRODUCT_BUNDLE_IDENTIFIER = "GreyT.Running--Brah--2UITests";
				PRODUCT_NAME = "$(TARGET_NAME)";
				SWIFT_VERSION = 3.0;
				TEST_TARGET_NAME = "Running, Brah?_2";
			};
			name = Debug;
		};
		84B7326B1DB31839007D3D88 /* Release */ = {
			isa = XCBuildConfiguration;
			buildSettings = {
				ALWAYS_EMBED_SWIFT_STANDARD_LIBRARIES = YES;
				DEVELOPMENT_TEAM = H665A59HC5;
				INFOPLIST_FILE = "Running, Brah?_2UITests/Info.plist";
				LD_RUNPATH_SEARCH_PATHS = "$(inherited) @executable_path/Frameworks @loader_path/Frameworks";
				PRODUCT_BUNDLE_IDENTIFIER = "GreyT.Running--Brah--2UITests";
				PRODUCT_NAME = "$(TARGET_NAME)";
				SWIFT_VERSION = 3.0;
				TEST_TARGET_NAME = "Running, Brah?_2";
			};
			name = Release;
		};
/* End XCBuildConfiguration section */

/* Begin XCConfigurationList section */
		84B732361DB31839007D3D88 /* Build configuration list for PBXProject "Running, Brah?_2" */ = {
			isa = XCConfigurationList;
			buildConfigurations = (
				84B732611DB31839007D3D88 /* Debug */,
				84B732621DB31839007D3D88 /* Release */,
			);
			defaultConfigurationIsVisible = 0;
			defaultConfigurationName = Release;
		};
		84B732631DB31839007D3D88 /* Build configuration list for PBXNativeTarget "Running, Brah?_2" */ = {
			isa = XCConfigurationList;
			buildConfigurations = (
				84B732641DB31839007D3D88 /* Debug */,
				84B732651DB31839007D3D88 /* Release */,
			);
			defaultConfigurationIsVisible = 0;
		};
		84B732661DB31839007D3D88 /* Build configuration list for PBXNativeTarget "Running, Brah?_2Tests" */ = {
			isa = XCConfigurationList;
			buildConfigurations = (
				84B732671DB31839007D3D88 /* Debug */,
				84B732681DB31839007D3D88 /* Release */,
			);
			defaultConfigurationIsVisible = 0;
		};
		84B732691DB31839007D3D88 /* Build configuration list for PBXNativeTarget "Running, Brah?_2UITests" */ = {
			isa = XCConfigurationList;
			buildConfigurations = (
				84B7326A1DB31839007D3D88 /* Debug */,
				84B7326B1DB31839007D3D88 /* Release */,
			);
			defaultConfigurationIsVisible = 0;
		};
/* End XCConfigurationList section */
	};
	rootObject = 84B732331DB31839007D3D88 /* Project object */;
}
