// !$*UTF8*$!
{
	archiveVersion = 1;
	classes = {
	};
	objectVersion = 46;
	objects = {

/* Begin PBXBuildFile section */
		84AE50021DB29C0400599CAA /* AppDelegate.swift in Sources */ = {isa = PBXBuildFile; fileRef = 84AE50011DB29C0400599CAA /* AppDelegate.swift */; };
		84AE50041DB29C0400599CAA /* ViewController.swift in Sources */ = {isa = PBXBuildFile; fileRef = 84AE50031DB29C0400599CAA /* ViewController.swift */; };
		84AE50071DB29C0400599CAA /* Main.storyboard in Resources */ = {isa = PBXBuildFile; fileRef = 84AE50051DB29C0400599CAA /* Main.storyboard */; };
		84AE50091DB29C0400599CAA /* Assets.xcassets in Resources */ = {isa = PBXBuildFile; fileRef = 84AE50081DB29C0400599CAA /* Assets.xcassets */; };
		84AE500C1DB29C0400599CAA /* LaunchScreen.storyboard in Resources */ = {isa = PBXBuildFile; fileRef = 84AE500A1DB29C0400599CAA /* LaunchScreen.storyboard */; };
		84AE50171DB29C0400599CAA /* Running__Brah_Tests.swift in Sources */ = {isa = PBXBuildFile; fileRef = 84AE50161DB29C0400599CAA /* Running__Brah_Tests.swift */; };
		84AE50221DB29C0400599CAA /* Running__Brah_UITests.swift in Sources */ = {isa = PBXBuildFile; fileRef = 84AE50211DB29C0400599CAA /* Running__Brah_UITests.swift */; };
/* End PBXBuildFile section */

/* Begin PBXContainerItemProxy section */
		84AE50131DB29C0400599CAA /* PBXContainerItemProxy */ = {
			isa = PBXContainerItemProxy;
			containerPortal = 84AE4FF61DB29C0400599CAA /* Project object */;
			proxyType = 1;
			remoteGlobalIDString = 84AE4FFD1DB29C0400599CAA;
			remoteInfo = "Running, Brah?";
		};
		84AE501E1DB29C0400599CAA /* PBXContainerItemProxy */ = {
			isa = PBXContainerItemProxy;
			containerPortal = 84AE4FF61DB29C0400599CAA /* Project object */;
			proxyType = 1;
			remoteGlobalIDString = 84AE4FFD1DB29C0400599CAA;
			remoteInfo = "Running, Brah?";
		};
/* End PBXContainerItemProxy section */

/* Begin PBXFileReference section */
		84AE4FFE1DB29C0400599CAA /* Running, Brah?.app */ = {isa = PBXFileReference; explicitFileType = wrapper.application; includeInIndex = 0; path = "Running, Brah?.app"; sourceTree = BUILT_PRODUCTS_DIR; };
		84AE50011DB29C0400599CAA /* AppDelegate.swift */ = {isa = PBXFileReference; lastKnownFileType = sourcecode.swift; path = AppDelegate.swift; sourceTree = "<group>"; };
		84AE50031DB29C0400599CAA /* ViewController.swift */ = {isa = PBXFileReference; lastKnownFileType = sourcecode.swift; path = ViewController.swift; sourceTree = "<group>"; };
		84AE50061DB29C0400599CAA /* Base */ = {isa = PBXFileReference; lastKnownFileType = file.storyboard; name = Base; path = Base.lproj/Main.storyboard; sourceTree = "<group>"; };
		84AE50081DB29C0400599CAA /* Assets.xcassets */ = {isa = PBXFileReference; lastKnownFileType = folder.assetcatalog; path = Assets.xcassets; sourceTree = "<group>"; };
		84AE500B1DB29C0400599CAA /* Base */ = {isa = PBXFileReference; lastKnownFileType = file.storyboard; name = Base; path = Base.lproj/LaunchScreen.storyboard; sourceTree = "<group>"; };
		84AE500D1DB29C0400599CAA /* Info.plist */ = {isa = PBXFileReference; lastKnownFileType = text.plist.xml; path = Info.plist; sourceTree = "<group>"; };
		84AE50121DB29C0400599CAA /* Running, Brah?Tests.xctest */ = {isa = PBXFileReference; explicitFileType = wrapper.cfbundle; includeInIndex = 0; path = "Running, Brah?Tests.xctest"; sourceTree = BUILT_PRODUCTS_DIR; };
		84AE50161DB29C0400599CAA /* Running__Brah_Tests.swift */ = {isa = PBXFileReference; lastKnownFileType = sourcecode.swift; path = Running__Brah_Tests.swift; sourceTree = "<group>"; };
		84AE50181DB29C0400599CAA /* Info.plist */ = {isa = PBXFileReference; lastKnownFileType = text.plist.xml; path = Info.plist; sourceTree = "<group>"; };
		84AE501D1DB29C0400599CAA /* Running, Brah?UITests.xctest */ = {isa = PBXFileReference; explicitFileType = wrapper.cfbundle; includeInIndex = 0; path = "Running, Brah?UITests.xctest"; sourceTree = BUILT_PRODUCTS_DIR; };
		84AE50211DB29C0400599CAA /* Running__Brah_UITests.swift */ = {isa = PBXFileReference; lastKnownFileType = sourcecode.swift; path = Running__Brah_UITests.swift; sourceTree = "<group>"; };
		84AE50231DB29C0400599CAA /* Info.plist */ = {isa = PBXFileReference; lastKnownFileType = text.plist.xml; path = Info.plist; sourceTree = "<group>"; };
/* End PBXFileReference section */

/* Begin PBXFrameworksBuildPhase section */
		84AE4FFB1DB29C0400599CAA /* Frameworks */ = {
			isa = PBXFrameworksBuildPhase;
			buildActionMask = 2147483647;
			files = (
			);
			runOnlyForDeploymentPostprocessing = 0;
		};
		84AE500F1DB29C0400599CAA /* Frameworks */ = {
			isa = PBXFrameworksBuildPhase;
			buildActionMask = 2147483647;
			files = (
			);
			runOnlyForDeploymentPostprocessing = 0;
		};
		84AE501A1DB29C0400599CAA /* Frameworks */ = {
			isa = PBXFrameworksBuildPhase;
			buildActionMask = 2147483647;
			files = (
			);
			runOnlyForDeploymentPostprocessing = 0;
		};
/* End PBXFrameworksBuildPhase section */

/* Begin PBXGroup section */
		84AE4FF51DB29C0400599CAA = {
			isa = PBXGroup;
			children = (
				84AE50001DB29C0400599CAA /* Running, Brah? */,
				84AE50151DB29C0400599CAA /* Running, Brah?Tests */,
				84AE50201DB29C0400599CAA /* Running, Brah?UITests */,
				84AE4FFF1DB29C0400599CAA /* Products */,
			);
			sourceTree = "<group>";
		};
		84AE4FFF1DB29C0400599CAA /* Products */ = {
			isa = PBXGroup;
			children = (
				84AE4FFE1DB29C0400599CAA /* Running, Brah?.app */,
				84AE50121DB29C0400599CAA /* Running, Brah?Tests.xctest */,
				84AE501D1DB29C0400599CAA /* Running, Brah?UITests.xctest */,
			);
			name = Products;
			sourceTree = "<group>";
		};
		84AE50001DB29C0400599CAA /* Running, Brah? */ = {
			isa = PBXGroup;
			children = (
				84AE50011DB29C0400599CAA /* AppDelegate.swift */,
				84AE50031DB29C0400599CAA /* ViewController.swift */,
				84AE50051DB29C0400599CAA /* Main.storyboard */,
				84AE50081DB29C0400599CAA /* Assets.xcassets */,
				84AE500A1DB29C0400599CAA /* LaunchScreen.storyboard */,
				84AE500D1DB29C0400599CAA /* Info.plist */,
			);
			path = "Running, Brah?";
			sourceTree = "<group>";
		};
		84AE50151DB29C0400599CAA /* Running, Brah?Tests */ = {
			isa = PBXGroup;
			children = (
				84AE50161DB29C0400599CAA /* Running__Brah_Tests.swift */,
				84AE50181DB29C0400599CAA /* Info.plist */,
			);
			path = "Running, Brah?Tests";
			sourceTree = "<group>";
		};
		84AE50201DB29C0400599CAA /* Running, Brah?UITests */ = {
			isa = PBXGroup;
			children = (
				84AE50211DB29C0400599CAA /* Running__Brah_UITests.swift */,
				84AE50231DB29C0400599CAA /* Info.plist */,
			);
			path = "Running, Brah?UITests";
			sourceTree = "<group>";
		};
/* End PBXGroup section */

/* Begin PBXNativeTarget section */
		84AE4FFD1DB29C0400599CAA /* Running, Brah? */ = {
			isa = PBXNativeTarget;
			buildConfigurationList = 84AE50261DB29C0400599CAA /* Build configuration list for PBXNativeTarget "Running, Brah?" */;
			buildPhases = (
				84AE4FFA1DB29C0400599CAA /* Sources */,
				84AE4FFB1DB29C0400599CAA /* Frameworks */,
				84AE4FFC1DB29C0400599CAA /* Resources */,
			);
			buildRules = (
			);
			dependencies = (
			);
			name = "Running, Brah?";
			productName = "Running, Brah?";
			productReference = 84AE4FFE1DB29C0400599CAA /* Running, Brah?.app */;
			productType = "com.apple.product-type.application";
		};
		84AE50111DB29C0400599CAA /* Running, Brah?Tests */ = {
			isa = PBXNativeTarget;
			buildConfigurationList = 84AE50291DB29C0400599CAA /* Build configuration list for PBXNativeTarget "Running, Brah?Tests" */;
			buildPhases = (
				84AE500E1DB29C0400599CAA /* Sources */,
				84AE500F1DB29C0400599CAA /* Frameworks */,
				84AE50101DB29C0400599CAA /* Resources */,
			);
			buildRules = (
			);
			dependencies = (
				84AE50141DB29C0400599CAA /* PBXTargetDependency */,
			);
			name = "Running, Brah?Tests";
			productName = "Running, Brah?Tests";
			productReference = 84AE50121DB29C0400599CAA /* Running, Brah?Tests.xctest */;
			productType = "com.apple.product-type.bundle.unit-test";
		};
		84AE501C1DB29C0400599CAA /* Running, Brah?UITests */ = {
			isa = PBXNativeTarget;
			buildConfigurationList = 84AE502C1DB29C0400599CAA /* Build configuration list for PBXNativeTarget "Running, Brah?UITests" */;
			buildPhases = (
				84AE50191DB29C0400599CAA /* Sources */,
				84AE501A1DB29C0400599CAA /* Frameworks */,
				84AE501B1DB29C0400599CAA /* Resources */,
			);
			buildRules = (
			);
			dependencies = (
				84AE501F1DB29C0400599CAA /* PBXTargetDependency */,
			);
			name = "Running, Brah?UITests";
			productName = "Running, Brah?UITests";
			productReference = 84AE501D1DB29C0400599CAA /* Running, Brah?UITests.xctest */;
			productType = "com.apple.product-type.bundle.ui-testing";
		};
/* End PBXNativeTarget section */

/* Begin PBXProject section */
		84AE4FF61DB29C0400599CAA /* Project object */ = {
			isa = PBXProject;
			attributes = {
				LastSwiftUpdateCheck = 0730;
				LastUpgradeCheck = 0800;
				ORGANIZATIONNAME = GreyT;
				TargetAttributes = {
					84AE4FFD1DB29C0400599CAA = {
						CreatedOnToolsVersion = 7.3.1;
						LastSwiftMigration = 0800;
					};
					84AE50111DB29C0400599CAA = {
						CreatedOnToolsVersion = 7.3.1;
						LastSwiftMigration = 0800;
						TestTargetID = 84AE4FFD1DB29C0400599CAA;
					};
					84AE501C1DB29C0400599CAA = {
						CreatedOnToolsVersion = 7.3.1;
						LastSwiftMigration = 0800;
						TestTargetID = 84AE4FFD1DB29C0400599CAA;
					};
				};
			};
			buildConfigurationList = 84AE4FF91DB29C0400599CAA /* Build configuration list for PBXProject "Running, Brah?" */;
			compatibilityVersion = "Xcode 3.2";
			developmentRegion = English;
			hasScannedForEncodings = 0;
			knownRegions = (
				en,
				Base,
			);
			mainGroup = 84AE4FF51DB29C0400599CAA;
			productRefGroup = 84AE4FFF1DB29C0400599CAA /* Products */;
			projectDirPath = "";
			projectRoot = "";
			targets = (
				84AE4FFD1DB29C0400599CAA /* Running, Brah? */,
				84AE50111DB29C0400599CAA /* Running, Brah?Tests */,
				84AE501C1DB29C0400599CAA /* Running, Brah?UITests */,
			);
		};
/* End PBXProject section */

/* Begin PBXResourcesBuildPhase section */
		84AE4FFC1DB29C0400599CAA /* Resources */ = {
			isa = PBXResourcesBuildPhase;
			buildActionMask = 2147483647;
			files = (
				84AE500C1DB29C0400599CAA /* LaunchScreen.storyboard in Resources */,
				84AE50091DB29C0400599CAA /* Assets.xcassets in Resources */,
				84AE50071DB29C0400599CAA /* Main.storyboard in Resources */,
			);
			runOnlyForDeploymentPostprocessing = 0;
		};
		84AE50101DB29C0400599CAA /* Resources */ = {
			isa = PBXResourcesBuildPhase;
			buildActionMask = 2147483647;
			files = (
			);
			runOnlyForDeploymentPostprocessing = 0;
		};
		84AE501B1DB29C0400599CAA /* Resources */ = {
			isa = PBXResourcesBuildPhase;
			buildActionMask = 2147483647;
			files = (
			);
			runOnlyForDeploymentPostprocessing = 0;
		};
/* End PBXResourcesBuildPhase section */

/* Begin PBXSourcesBuildPhase section */
		84AE4FFA1DB29C0400599CAA /* Sources */ = {
			isa = PBXSourcesBuildPhase;
			buildActionMask = 2147483647;
			files = (
				84AE50041DB29C0400599CAA /* ViewController.swift in Sources */,
				84AE50021DB29C0400599CAA /* AppDelegate.swift in Sources */,
			);
			runOnlyForDeploymentPostprocessing = 0;
		};
		84AE500E1DB29C0400599CAA /* Sources */ = {
			isa = PBXSourcesBuildPhase;
			buildActionMask = 2147483647;
			files = (
				84AE50171DB29C0400599CAA /* Running__Brah_Tests.swift in Sources */,
			);
			runOnlyForDeploymentPostprocessing = 0;
		};
		84AE50191DB29C0400599CAA /* Sources */ = {
			isa = PBXSourcesBuildPhase;
			buildActionMask = 2147483647;
			files = (
				84AE50221DB29C0400599CAA /* Running__Brah_UITests.swift in Sources */,
			);
			runOnlyForDeploymentPostprocessing = 0;
		};
/* End PBXSourcesBuildPhase section */

/* Begin PBXTargetDependency section */
		84AE50141DB29C0400599CAA /* PBXTargetDependency */ = {
			isa = PBXTargetDependency;
			target = 84AE4FFD1DB29C0400599CAA /* Running, Brah? */;
			targetProxy = 84AE50131DB29C0400599CAA /* PBXContainerItemProxy */;
		};
		84AE501F1DB29C0400599CAA /* PBXTargetDependency */ = {
			isa = PBXTargetDependency;
			target = 84AE4FFD1DB29C0400599CAA /* Running, Brah? */;
			targetProxy = 84AE501E1DB29C0400599CAA /* PBXContainerItemProxy */;
		};
/* End PBXTargetDependency section */

/* Begin PBXVariantGroup section */
		84AE50051DB29C0400599CAA /* Main.storyboard */ = {
			isa = PBXVariantGroup;
			children = (
				84AE50061DB29C0400599CAA /* Base */,
			);
			name = Main.storyboard;
			sourceTree = "<group>";
		};
		84AE500A1DB29C0400599CAA /* LaunchScreen.storyboard */ = {
			isa = PBXVariantGroup;
			children = (
				84AE500B1DB29C0400599CAA /* Base */,
			);
			name = LaunchScreen.storyboard;
			sourceTree = "<group>";
		};
/* End PBXVariantGroup section */

/* Begin XCBuildConfiguration section */
		84AE50241DB29C0400599CAA /* Debug */ = {
			isa = XCBuildConfiguration;
			buildSettings = {
				ALWAYS_SEARCH_USER_PATHS = NO;
				CLANG_ANALYZER_NONNULL = YES;
				CLANG_CXX_LANGUAGE_STANDARD = "gnu++0x";
				CLANG_CXX_LIBRARY = "libc++";
				CLANG_ENABLE_MODULES = YES;
				CLANG_ENABLE_OBJC_ARC = YES;
				CLANG_WARN_BOOL_CONVERSION = YES;
				CLANG_WARN_CONSTANT_CONVERSION = YES;
				CLANG_WARN_DIRECT_OBJC_ISA_USAGE = YES_ERROR;
				CLANG_WARN_EMPTY_BODY = YES;
				CLANG_WARN_ENUM_CONVERSION = YES;
				CLANG_WARN_INFINITE_RECURSION = YES;
				CLANG_WARN_INT_CONVERSION = YES;
				CLANG_WARN_OBJC_ROOT_CLASS = YES_ERROR;
				CLANG_WARN_SUSPICIOUS_MOVE = YES;
				CLANG_WARN_UNREACHABLE_CODE = YES;
				CLANG_WARN__DUPLICATE_METHOD_MATCH = YES;
				"CODE_SIGN_IDENTITY[sdk=iphoneos*]" = "iPhone Developer";
				COPY_PHASE_STRIP = NO;
				DEBUG_INFORMATION_FORMAT = dwarf;
				ENABLE_STRICT_OBJC_MSGSEND = YES;
				ENABLE_TESTABILITY = YES;
				GCC_C_LANGUAGE_STANDARD = gnu99;
				GCC_DYNAMIC_NO_PIC = NO;
				GCC_NO_COMMON_BLOCKS = YES;
				GCC_OPTIMIZATION_LEVEL = 0;
				GCC_PREPROCESSOR_DEFINITIONS = (
					"DEBUG=1",
					"$(inherited)",
				);
				GCC_WARN_64_TO_32_BIT_CONVERSION = YES;
				GCC_WARN_ABOUT_RETURN_TYPE = YES_ERROR;
				GCC_WARN_UNDECLARED_SELECTOR = YES;
				GCC_WARN_UNINITIALIZED_AUTOS = YES_AGGRESSIVE;
				GCC_WARN_UNUSED_FUNCTION = YES;
				GCC_WARN_UNUSED_VARIABLE = YES;
				IPHONEOS_DEPLOYMENT_TARGET = 9.3;
				MTL_ENABLE_DEBUG_INFO = YES;
				ONLY_ACTIVE_ARCH = YES;
				SDKROOT = iphoneos;
				SWIFT_OPTIMIZATION_LEVEL = "-Onone";
			};
			name = Debug;
		};
		84AE50251DB29C0400599CAA /* Release */ = {
			isa = XCBuildConfiguration;
			buildSettings = {
				ALWAYS_SEARCH_USER_PATHS = NO;
				CLANG_ANALYZER_NONNULL = YES;
				CLANG_CXX_LANGUAGE_STANDARD = "gnu++0x";
				CLANG_CXX_LIBRARY = "libc++";
				CLANG_ENABLE_MODULES = YES;
				CLANG_ENABLE_OBJC_ARC = YES;
				CLANG_WARN_BOOL_CONVERSION = YES;
				CLANG_WARN_CONSTANT_CONVERSION = YES;
				CLANG_WARN_DIRECT_OBJC_ISA_USAGE = YES_ERROR;
				CLANG_WARN_EMPTY_BODY = YES;
				CLANG_WARN_ENUM_CONVERSION = YES;
				CLANG_WARN_INFINITE_RECURSION = YES;
				CLANG_WARN_INT_CONVERSION = YES;
				CLANG_WARN_OBJC_ROOT_CLASS = YES_ERROR;
				CLANG_WARN_SUSPICIOUS_MOVE = YES;
				CLANG_WARN_UNREACHABLE_CODE = YES;
				CLANG_WARN__DUPLICATE_METHOD_MATCH = YES;
				"CODE_SIGN_IDENTITY[sdk=iphoneos*]" = "iPhone Developer";
				COPY_PHASE_STRIP = NO;
				DEBUG_INFORMATION_FORMAT = "dwarf-with-dsym";
				ENABLE_NS_ASSERTIONS = NO;
				ENABLE_STRICT_OBJC_MSGSEND = YES;
				GCC_C_LANGUAGE_STANDARD = gnu99;
				GCC_NO_COMMON_BLOCKS = YES;
				GCC_WARN_64_TO_32_BIT_CONVERSION = YES;
				GCC_WARN_ABOUT_RETURN_TYPE = YES_ERROR;
				GCC_WARN_UNDECLARED_SELECTOR = YES;
				GCC_WARN_UNINITIALIZED_AUTOS = YES_AGGRESSIVE;
				GCC_WARN_UNUSED_FUNCTION = YES;
				GCC_WARN_UNUSED_VARIABLE = YES;
				IPHONEOS_DEPLOYMENT_TARGET = 9.3;
				MTL_ENABLE_DEBUG_INFO = NO;
				SDKROOT = iphoneos;
				SWIFT_OPTIMIZATION_LEVEL = "-Owholemodule";
				VALIDATE_PRODUCT = YES;
			};
			name = Release;
		};
		84AE50271DB29C0400599CAA /* Debug */ = {
			isa = XCBuildConfiguration;
			buildSettings = {
				ASSETCATALOG_COMPILER_APPICON_NAME = AppIcon;
				INFOPLIST_FILE = "Running, Brah?/Info.plist";
				LD_RUNPATH_SEARCH_PATHS = "$(inherited) @executable_path/Frameworks";
				PRODUCT_BUNDLE_IDENTIFIER = "com.GreyT.Running--Brah-";
				PRODUCT_NAME = "$(TARGET_NAME)";
				SWIFT_VERSION = 3.0;
			};
			name = Debug;
		};
		84AE50281DB29C0400599CAA /* Release */ = {
			isa = XCBuildConfiguration;
			buildSettings = {
				ASSETCATALOG_COMPILER_APPICON_NAME = AppIcon;
				INFOPLIST_FILE = "Running, Brah?/Info.plist";
				LD_RUNPATH_SEARCH_PATHS = "$(inherited) @executable_path/Frameworks";
				PRODUCT_BUNDLE_IDENTIFIER = "com.GreyT.Running--Brah-";
				PRODUCT_NAME = "$(TARGET_NAME)";
				SWIFT_VERSION = 3.0;
			};
			name = Release;
		};
		84AE502A1DB29C0400599CAA /* Debug */ = {
			isa = XCBuildConfiguration;
			buildSettings = {
				BUNDLE_LOADER = "$(TEST_HOST)";
				INFOPLIST_FILE = "Running, Brah?Tests/Info.plist";
				LD_RUNPATH_SEARCH_PATHS = "$(inherited) @executable_path/Frameworks @loader_path/Frameworks";
				PRODUCT_BUNDLE_IDENTIFIER = "com.GreyT.Running--Brah-Tests";
				PRODUCT_NAME = "$(TARGET_NAME)";
				SWIFT_VERSION = 3.0;
				TEST_HOST = "$(BUILT_PRODUCTS_DIR)/Running, Brah?.app/Running, Brah?";
			};
			name = Debug;
		};
		84AE502B1DB29C0400599CAA /* Release */ = {
			isa = XCBuildConfiguration;
			buildSettings = {
				BUNDLE_LOADER = "$(TEST_HOST)";
				INFOPLIST_FILE = "Running, Brah?Tests/Info.plist";
				LD_RUNPATH_SEARCH_PATHS = "$(inherited) @executable_path/Frameworks @loader_path/Frameworks";
				PRODUCT_BUNDLE_IDENTIFIER = "com.GreyT.Running--Brah-Tests";
				PRODUCT_NAME = "$(TARGET_NAME)";
				SWIFT_VERSION = 3.0;
				TEST_HOST = "$(BUILT_PRODUCTS_DIR)/Running, Brah?.app/Running, Brah?";
			};
			name = Release;
		};
		84AE502D1DB29C0400599CAA /* Debug */ = {
			isa = XCBuildConfiguration;
			buildSettings = {
				INFOPLIST_FILE = "Running, Brah?UITests/Info.plist";
				LD_RUNPATH_SEARCH_PATHS = "$(inherited) @executable_path/Frameworks @loader_path/Frameworks";
				PRODUCT_BUNDLE_IDENTIFIER = "com.GreyT.Running--Brah-UITests";
				PRODUCT_NAME = "$(TARGET_NAME)";
				SWIFT_VERSION = 3.0;
				TEST_TARGET_NAME = "Running, Brah?";
			};
			name = Debug;
		};
		84AE502E1DB29C0400599CAA /* Release */ = {
			isa = XCBuildConfiguration;
			buildSettings = {
				INFOPLIST_FILE = "Running, Brah?UITests/Info.plist";
				LD_RUNPATH_SEARCH_PATHS = "$(inherited) @executable_path/Frameworks @loader_path/Frameworks";
				PRODUCT_BUNDLE_IDENTIFIER = "com.GreyT.Running--Brah-UITests";
				PRODUCT_NAME = "$(TARGET_NAME)";
				SWIFT_VERSION = 3.0;
				TEST_TARGET_NAME = "Running, Brah?";
			};
			name = Release;
		};
/* End XCBuildConfiguration section */

/* Begin XCConfigurationList section */
		84AE4FF91DB29C0400599CAA /* Build configuration list for PBXProject "Running, Brah?" */ = {
			isa = XCConfigurationList;
			buildConfigurations = (
				84AE50241DB29C0400599CAA /* Debug */,
				84AE50251DB29C0400599CAA /* Release */,
			);
			defaultConfigurationIsVisible = 0;
			defaultConfigurationName = Release;
		};
		84AE50261DB29C0400599CAA /* Build configuration list for PBXNativeTarget "Running, Brah?" */ = {
			isa = XCConfigurationList;
			buildConfigurations = (
				84AE50271DB29C0400599CAA /* Debug */,
				84AE50281DB29C0400599CAA /* Release */,
			);
			defaultConfigurationIsVisible = 0;
			defaultConfigurationName = Release;
		};
		84AE50291DB29C0400599CAA /* Build configuration list for PBXNativeTarget "Running, Brah?Tests" */ = {
			isa = XCConfigurationList;
			buildConfigurations = (
				84AE502A1DB29C0400599CAA /* Debug */,
				84AE502B1DB29C0400599CAA /* Release */,
			);
			defaultConfigurationIsVisible = 0;
			defaultConfigurationName = Release;
		};
		84AE502C1DB29C0400599CAA /* Build configuration list for PBXNativeTarget "Running, Brah?UITests" */ = {
			isa = XCConfigurationList;
			buildConfigurations = (
				84AE502D1DB29C0400599CAA /* Debug */,
				84AE502E1DB29C0400599CAA /* Release */,
			);
			defaultConfigurationIsVisible = 0;
			defaultConfigurationName = Release;
		};
/* End XCConfigurationList section */
	};
	rootObject = 84AE4FF61DB29C0400599CAA /* Project object */;
}
